// !$*UTF8*$!
{
	archiveVersion = 1;
	classes = {
	};
	objectVersion = 50;
	objects = {

/* Begin PBXBuildFile section */
		4AE9FA4F4EB19007CCC1AFC6 /* libPods-SwiftUISample.a in Frameworks */ = {isa = PBXBuildFile; fileRef = F9F031A4E5D8AB621A6861F1 /* libPods-SwiftUISample.a */; };
		A43D31CA25718E8E001C17D6 /* Post.swift in Sources */ = {isa = PBXBuildFile; fileRef = A43D31C925718E8E001C17D6 /* Post.swift */; };
		A490FEE32572F64700B43131 /* ImagePicker.swift in Sources */ = {isa = PBXBuildFile; fileRef = A490FEE22572F64700B43131 /* ImagePicker.swift */; };
		A4E4C8B2255757E10069BF98 /* SwiftUISampleApp.swift in Sources */ = {isa = PBXBuildFile; fileRef = A4E4C8B1255757E10069BF98 /* SwiftUISampleApp.swift */; };
		A4E4C8B4255757E10069BF98 /* ContentView.swift in Sources */ = {isa = PBXBuildFile; fileRef = A4E4C8B3255757E10069BF98 /* ContentView.swift */; };
		A4E4C8B6255757E20069BF98 /* Assets.xcassets in Resources */ = {isa = PBXBuildFile; fileRef = A4E4C8B5255757E20069BF98 /* Assets.xcassets */; };
		A4E4C8B9255757E20069BF98 /* Preview Assets.xcassets in Resources */ = {isa = PBXBuildFile; fileRef = A4E4C8B8255757E20069BF98 /* Preview Assets.xcassets */; };
		A4E4C8C4255757E20069BF98 /* SwiftUISampleTests.swift in Sources */ = {isa = PBXBuildFile; fileRef = A4E4C8C3255757E20069BF98 /* SwiftUISampleTests.swift */; };
		A4E4C8CF255757E20069BF98 /* SwiftUISampleUITests.swift in Sources */ = {isa = PBXBuildFile; fileRef = A4E4C8CE255757E20069BF98 /* SwiftUISampleUITests.swift */; };
		BBE15E546D61CE21EB826BAF /* libPods-SwiftUISample-SwiftUISampleUITests.a in Frameworks */ = {isa = PBXBuildFile; fileRef = 54F8C572F9299C1EF99AB76C /* libPods-SwiftUISample-SwiftUISampleUITests.a */; };
		FA18544B21F134BC36B26D38 /* libPods-SwiftUISampleTests.a in Frameworks */ = {isa = PBXBuildFile; fileRef = A4435E05517D3A2FF386C800 /* libPods-SwiftUISampleTests.a */; };
/* End PBXBuildFile section */

/* Begin PBXContainerItemProxy section */
		A4E4C8C0255757E20069BF98 /* PBXContainerItemProxy */ = {
			isa = PBXContainerItemProxy;
			containerPortal = A4E4C8A6255757E10069BF98 /* Project object */;
			proxyType = 1;
			remoteGlobalIDString = A4E4C8AD255757E10069BF98;
			remoteInfo = SwiftUISample;
		};
		A4E4C8CB255757E20069BF98 /* PBXContainerItemProxy */ = {
			isa = PBXContainerItemProxy;
			containerPortal = A4E4C8A6255757E10069BF98 /* Project object */;
			proxyType = 1;
			remoteGlobalIDString = A4E4C8AD255757E10069BF98;
			remoteInfo = SwiftUISample;
		};
/* End PBXContainerItemProxy section */

/* Begin PBXFileReference section */
		0928557BE5D8F0FBCE8BCAF4 /* Pods-SwiftUISample-SwiftUISampleUITests.release.xcconfig */ = {isa = PBXFileReference; includeInIndex = 1; lastKnownFileType = text.xcconfig; name = "Pods-SwiftUISample-SwiftUISampleUITests.release.xcconfig"; path = "Target Support Files/Pods-SwiftUISample-SwiftUISampleUITests/Pods-SwiftUISample-SwiftUISampleUITests.release.xcconfig"; sourceTree = "<group>"; };
		2754C0D5783933519A64B2E7 /* Pods-SwiftUISample.debug.xcconfig */ = {isa = PBXFileReference; includeInIndex = 1; lastKnownFileType = text.xcconfig; name = "Pods-SwiftUISample.debug.xcconfig"; path = "Target Support Files/Pods-SwiftUISample/Pods-SwiftUISample.debug.xcconfig"; sourceTree = "<group>"; };
		40B11024ACD724489238C3F9 /* Pods-SwiftUISampleTests.debug.xcconfig */ = {isa = PBXFileReference; includeInIndex = 1; lastKnownFileType = text.xcconfig; name = "Pods-SwiftUISampleTests.debug.xcconfig"; path = "Target Support Files/Pods-SwiftUISampleTests/Pods-SwiftUISampleTests.debug.xcconfig"; sourceTree = "<group>"; };
		54F8C572F9299C1EF99AB76C /* libPods-SwiftUISample-SwiftUISampleUITests.a */ = {isa = PBXFileReference; explicitFileType = archive.ar; includeInIndex = 0; path = "libPods-SwiftUISample-SwiftUISampleUITests.a"; sourceTree = BUILT_PRODUCTS_DIR; };
		6D448DF543049CC285492D5F /* Pods-SwiftUISample-SwiftUISampleUITests.debug.xcconfig */ = {isa = PBXFileReference; includeInIndex = 1; lastKnownFileType = text.xcconfig; name = "Pods-SwiftUISample-SwiftUISampleUITests.debug.xcconfig"; path = "Target Support Files/Pods-SwiftUISample-SwiftUISampleUITests/Pods-SwiftUISample-SwiftUISampleUITests.debug.xcconfig"; sourceTree = "<group>"; };
		7FC001FA85ED0D40C1C85049 /* Pods-SwiftUISampleTests.release.xcconfig */ = {isa = PBXFileReference; includeInIndex = 1; lastKnownFileType = text.xcconfig; name = "Pods-SwiftUISampleTests.release.xcconfig"; path = "Target Support Files/Pods-SwiftUISampleTests/Pods-SwiftUISampleTests.release.xcconfig"; sourceTree = "<group>"; };
		A43D31C925718E8E001C17D6 /* Post.swift */ = {isa = PBXFileReference; lastKnownFileType = sourcecode.swift; path = Post.swift; sourceTree = "<group>"; };
		A4435E05517D3A2FF386C800 /* libPods-SwiftUISampleTests.a */ = {isa = PBXFileReference; explicitFileType = archive.ar; includeInIndex = 0; path = "libPods-SwiftUISampleTests.a"; sourceTree = BUILT_PRODUCTS_DIR; };
		A490FEE22572F64700B43131 /* ImagePicker.swift */ = {isa = PBXFileReference; lastKnownFileType = sourcecode.swift; path = ImagePicker.swift; sourceTree = "<group>"; };
		A4E4C8AE255757E10069BF98 /* SwiftUISample.app */ = {isa = PBXFileReference; explicitFileType = wrapper.application; includeInIndex = 0; path = SwiftUISample.app; sourceTree = BUILT_PRODUCTS_DIR; };
		A4E4C8B1255757E10069BF98 /* SwiftUISampleApp.swift */ = {isa = PBXFileReference; lastKnownFileType = sourcecode.swift; path = SwiftUISampleApp.swift; sourceTree = "<group>"; };
		A4E4C8B3255757E10069BF98 /* ContentView.swift */ = {isa = PBXFileReference; lastKnownFileType = sourcecode.swift; path = ContentView.swift; sourceTree = "<group>"; };
		A4E4C8B5255757E20069BF98 /* Assets.xcassets */ = {isa = PBXFileReference; lastKnownFileType = folder.assetcatalog; path = Assets.xcassets; sourceTree = "<group>"; };
		A4E4C8B8255757E20069BF98 /* Preview Assets.xcassets */ = {isa = PBXFileReference; lastKnownFileType = folder.assetcatalog; path = "Preview Assets.xcassets"; sourceTree = "<group>"; };
		A4E4C8BA255757E20069BF98 /* Info.plist */ = {isa = PBXFileReference; lastKnownFileType = text.plist.xml; path = Info.plist; sourceTree = "<group>"; };
		A4E4C8BF255757E20069BF98 /* SwiftUISampleTests.xctest */ = {isa = PBXFileReference; explicitFileType = wrapper.cfbundle; includeInIndex = 0; path = SwiftUISampleTests.xctest; sourceTree = BUILT_PRODUCTS_DIR; };
		A4E4C8C3255757E20069BF98 /* SwiftUISampleTests.swift */ = {isa = PBXFileReference; lastKnownFileType = sourcecode.swift; path = SwiftUISampleTests.swift; sourceTree = "<group>"; };
		A4E4C8C5255757E20069BF98 /* Info.plist */ = {isa = PBXFileReference; lastKnownFileType = text.plist.xml; path = Info.plist; sourceTree = "<group>"; };
		A4E4C8CA255757E20069BF98 /* SwiftUISampleUITests.xctest */ = {isa = PBXFileReference; explicitFileType = wrapper.cfbundle; includeInIndex = 0; path = SwiftUISampleUITests.xctest; sourceTree = BUILT_PRODUCTS_DIR; };
		A4E4C8CE255757E20069BF98 /* SwiftUISampleUITests.swift */ = {isa = PBXFileReference; lastKnownFileType = sourcecode.swift; path = SwiftUISampleUITests.swift; sourceTree = "<group>"; };
		A4E4C8D0255757E20069BF98 /* Info.plist */ = {isa = PBXFileReference; lastKnownFileType = text.plist.xml; path = Info.plist; sourceTree = "<group>"; };
		F79CB997AA3C552E30D9EB5C /* Pods-SwiftUISample.release.xcconfig */ = {isa = PBXFileReference; includeInIndex = 1; lastKnownFileType = text.xcconfig; name = "Pods-SwiftUISample.release.xcconfig"; path = "Target Support Files/Pods-SwiftUISample/Pods-SwiftUISample.release.xcconfig"; sourceTree = "<group>"; };
		F9F031A4E5D8AB621A6861F1 /* libPods-SwiftUISample.a */ = {isa = PBXFileReference; explicitFileType = archive.ar; includeInIndex = 0; path = "libPods-SwiftUISample.a"; sourceTree = BUILT_PRODUCTS_DIR; };
/* End PBXFileReference section */

/* Begin PBXFrameworksBuildPhase section */
		A4E4C8AB255757E10069BF98 /* Frameworks */ = {
			isa = PBXFrameworksBuildPhase;
			buildActionMask = 2147483647;
			files = (
				4AE9FA4F4EB19007CCC1AFC6 /* libPods-SwiftUISample.a in Frameworks */,
			);
			runOnlyForDeploymentPostprocessing = 0;
		};
		A4E4C8BC255757E20069BF98 /* Frameworks */ = {
			isa = PBXFrameworksBuildPhase;
			buildActionMask = 2147483647;
			files = (
				FA18544B21F134BC36B26D38 /* libPods-SwiftUISampleTests.a in Frameworks */,
			);
			runOnlyForDeploymentPostprocessing = 0;
		};
		A4E4C8C7255757E20069BF98 /* Frameworks */ = {
			isa = PBXFrameworksBuildPhase;
			buildActionMask = 2147483647;
			files = (
				BBE15E546D61CE21EB826BAF /* libPods-SwiftUISample-SwiftUISampleUITests.a in Frameworks */,
			);
			runOnlyForDeploymentPostprocessing = 0;
		};
/* End PBXFrameworksBuildPhase section */

/* Begin PBXGroup section */
		9BF8BA9277A27A9D4390D92A /* Pods */ = {
			isa = PBXGroup;
			children = (
				2754C0D5783933519A64B2E7 /* Pods-SwiftUISample.debug.xcconfig */,
				F79CB997AA3C552E30D9EB5C /* Pods-SwiftUISample.release.xcconfig */,
				6D448DF543049CC285492D5F /* Pods-SwiftUISample-SwiftUISampleUITests.debug.xcconfig */,
				0928557BE5D8F0FBCE8BCAF4 /* Pods-SwiftUISample-SwiftUISampleUITests.release.xcconfig */,
				40B11024ACD724489238C3F9 /* Pods-SwiftUISampleTests.debug.xcconfig */,
				7FC001FA85ED0D40C1C85049 /* Pods-SwiftUISampleTests.release.xcconfig */,
			);
			path = Pods;
			sourceTree = "<group>";
		};
		A43D31C825718DEF001C17D6 /* Model */ = {
			isa = PBXGroup;
			children = (
				A43D31C925718E8E001C17D6 /* Post.swift */,
			);
			path = Model;
			sourceTree = "<group>";
		};
		A4E4C8A5255757E10069BF98 = {
			isa = PBXGroup;
			children = (
				A4E4C8B0255757E10069BF98 /* SwiftUISample */,
				A4E4C8C2255757E20069BF98 /* SwiftUISampleTests */,
				A4E4C8CD255757E20069BF98 /* SwiftUISampleUITests */,
				A4E4C8AF255757E10069BF98 /* Products */,
				9BF8BA9277A27A9D4390D92A /* Pods */,
				C6F67EEED24959C1A6F50834 /* Frameworks */,
			);
			sourceTree = "<group>";
		};
		A4E4C8AF255757E10069BF98 /* Products */ = {
			isa = PBXGroup;
			children = (
				A4E4C8AE255757E10069BF98 /* SwiftUISample.app */,
				A4E4C8BF255757E20069BF98 /* SwiftUISampleTests.xctest */,
				A4E4C8CA255757E20069BF98 /* SwiftUISampleUITests.xctest */,
			);
			name = Products;
			sourceTree = "<group>";
		};
		A4E4C8B0255757E10069BF98 /* SwiftUISample */ = {
			isa = PBXGroup;
			children = (
				A43D31C825718DEF001C17D6 /* Model */,
				A4E4C8B5255757E20069BF98 /* Assets.xcassets */,
				A4E4C8B1255757E10069BF98 /* SwiftUISampleApp.swift */,
				A4E4C8BA255757E20069BF98 /* Info.plist */,
				A4E4C8B3255757E10069BF98 /* ContentView.swift */,
				A490FEE22572F64700B43131 /* ImagePicker.swift */,
				A4E4C8B7255757E20069BF98 /* Preview Content */,
			);
			path = SwiftUISample;
			sourceTree = "<group>";
		};
		A4E4C8B7255757E20069BF98 /* Preview Content */ = {
			isa = PBXGroup;
			children = (
				A4E4C8B8255757E20069BF98 /* Preview Assets.xcassets */,
			);
			path = "Preview Content";
			sourceTree = "<group>";
		};
		A4E4C8C2255757E20069BF98 /* SwiftUISampleTests */ = {
			isa = PBXGroup;
			children = (
				A4E4C8C3255757E20069BF98 /* SwiftUISampleTests.swift */,
				A4E4C8C5255757E20069BF98 /* Info.plist */,
			);
			path = SwiftUISampleTests;
			sourceTree = "<group>";
		};
		A4E4C8CD255757E20069BF98 /* SwiftUISampleUITests */ = {
			isa = PBXGroup;
			children = (
				A4E4C8CE255757E20069BF98 /* SwiftUISampleUITests.swift */,
				A4E4C8D0255757E20069BF98 /* Info.plist */,
			);
			path = SwiftUISampleUITests;
			sourceTree = "<group>";
		};
		C6F67EEED24959C1A6F50834 /* Frameworks */ = {
			isa = PBXGroup;
			children = (
				F9F031A4E5D8AB621A6861F1 /* libPods-SwiftUISample.a */,
				54F8C572F9299C1EF99AB76C /* libPods-SwiftUISample-SwiftUISampleUITests.a */,
				A4435E05517D3A2FF386C800 /* libPods-SwiftUISampleTests.a */,
			);
			name = Frameworks;
			sourceTree = "<group>";
		};
/* End PBXGroup section */

/* Begin PBXNativeTarget section */
		A4E4C8AD255757E10069BF98 /* SwiftUISample */ = {
			isa = PBXNativeTarget;
			buildConfigurationList = A4E4C8D3255757E20069BF98 /* Build configuration list for PBXNativeTarget "SwiftUISample" */;
			buildPhases = (
				410443A006A93BA45FBBDF1E /* [CP] Check Pods Manifest.lock */,
				A4E4C8AA255757E10069BF98 /* Sources */,
				A4E4C8AB255757E10069BF98 /* Frameworks */,
				A4E4C8AC255757E10069BF98 /* Resources */,
				A4A7A6622571EE6F0086BCDF /* ShellScript */,
			);
			buildRules = (
			);
			dependencies = (
			);
			name = SwiftUISample;
			productName = SwiftUISample;
			productReference = A4E4C8AE255757E10069BF98 /* SwiftUISample.app */;
			productType = "com.apple.product-type.application";
		};
		A4E4C8BE255757E20069BF98 /* SwiftUISampleTests */ = {
			isa = PBXNativeTarget;
			buildConfigurationList = A4E4C8D6255757E20069BF98 /* Build configuration list for PBXNativeTarget "SwiftUISampleTests" */;
			buildPhases = (
				52360561E885268387C8222C /* [CP] Check Pods Manifest.lock */,
				A4E4C8BB255757E20069BF98 /* Sources */,
				A4E4C8BC255757E20069BF98 /* Frameworks */,
				A4E4C8BD255757E20069BF98 /* Resources */,
			);
			buildRules = (
			);
			dependencies = (
				A4E4C8C1255757E20069BF98 /* PBXTargetDependency */,
			);
			name = SwiftUISampleTests;
			productName = SwiftUISampleTests;
			productReference = A4E4C8BF255757E20069BF98 /* SwiftUISampleTests.xctest */;
			productType = "com.apple.product-type.bundle.unit-test";
		};
		A4E4C8C9255757E20069BF98 /* SwiftUISampleUITests */ = {
			isa = PBXNativeTarget;
			buildConfigurationList = A4E4C8D9255757E20069BF98 /* Build configuration list for PBXNativeTarget "SwiftUISampleUITests" */;
			buildPhases = (
				FB6CFD5C7667A201228DBEA7 /* [CP] Check Pods Manifest.lock */,
				A4E4C8C6255757E20069BF98 /* Sources */,
				A4E4C8C7255757E20069BF98 /* Frameworks */,
				A4E4C8C8255757E20069BF98 /* Resources */,
			);
			buildRules = (
			);
			dependencies = (
				A4E4C8CC255757E20069BF98 /* PBXTargetDependency */,
			);
			name = SwiftUISampleUITests;
			productName = SwiftUISampleUITests;
			productReference = A4E4C8CA255757E20069BF98 /* SwiftUISampleUITests.xctest */;
			productType = "com.apple.product-type.bundle.ui-testing";
		};
/* End PBXNativeTarget section */

/* Begin PBXProject section */
		A4E4C8A6255757E10069BF98 /* Project object */ = {
			isa = PBXProject;
			attributes = {
				LastSwiftUpdateCheck = 1200;
				LastUpgradeCheck = 1200;
				TargetAttributes = {
					A4E4C8AD255757E10069BF98 = {
						CreatedOnToolsVersion = 12.0.1;
					};
					A4E4C8BE255757E20069BF98 = {
						CreatedOnToolsVersion = 12.0.1;
						TestTargetID = A4E4C8AD255757E10069BF98;
					};
					A4E4C8C9255757E20069BF98 = {
						CreatedOnToolsVersion = 12.0.1;
						TestTargetID = A4E4C8AD255757E10069BF98;
					};
				};
			};
			buildConfigurationList = A4E4C8A9255757E10069BF98 /* Build configuration list for PBXProject "SwiftUISample" */;
			compatibilityVersion = "Xcode 9.3";
			developmentRegion = en;
			hasScannedForEncodings = 0;
			knownRegions = (
				en,
				Base,
			);
			mainGroup = A4E4C8A5255757E10069BF98;
			productRefGroup = A4E4C8AF255757E10069BF98 /* Products */;
			projectDirPath = "";
			projectRoot = "";
			targets = (
				A4E4C8AD255757E10069BF98 /* SwiftUISample */,
				A4E4C8BE255757E20069BF98 /* SwiftUISampleTests */,
				A4E4C8C9255757E20069BF98 /* SwiftUISampleUITests */,
			);
		};
/* End PBXProject section */

/* Begin PBXResourcesBuildPhase section */
		A4E4C8AC255757E10069BF98 /* Resources */ = {
			isa = PBXResourcesBuildPhase;
			buildActionMask = 2147483647;
			files = (
				A4E4C8B9255757E20069BF98 /* Preview Assets.xcassets in Resources */,
				A4E4C8B6255757E20069BF98 /* Assets.xcassets in Resources */,
			);
			runOnlyForDeploymentPostprocessing = 0;
		};
		A4E4C8BD255757E20069BF98 /* Resources */ = {
			isa = PBXResourcesBuildPhase;
			buildActionMask = 2147483647;
			files = (
			);
			runOnlyForDeploymentPostprocessing = 0;
		};
		A4E4C8C8255757E20069BF98 /* Resources */ = {
			isa = PBXResourcesBuildPhase;
			buildActionMask = 2147483647;
			files = (
			);
			runOnlyForDeploymentPostprocessing = 0;
		};
/* End PBXResourcesBuildPhase section */

/* Begin PBXShellScriptBuildPhase section */
		410443A006A93BA45FBBDF1E /* [CP] Check Pods Manifest.lock */ = {
			isa = PBXShellScriptBuildPhase;
			buildActionMask = 2147483647;
			files = (
			);
			inputFileListPaths = (
			);
			inputPaths = (
				"${PODS_PODFILE_DIR_PATH}/Podfile.lock",
				"${PODS_ROOT}/Manifest.lock",
			);
			name = "[CP] Check Pods Manifest.lock";
			outputFileListPaths = (
			);
			outputPaths = (
				"$(DERIVED_FILE_DIR)/Pods-SwiftUISample-checkManifestLockResult.txt",
			);
			runOnlyForDeploymentPostprocessing = 0;
			shellPath = /bin/sh;
			shellScript = "diff \"${PODS_PODFILE_DIR_PATH}/Podfile.lock\" \"${PODS_ROOT}/Manifest.lock\" > /dev/null\nif [ $? != 0 ] ; then\n    # print error to STDERR\n    echo \"error: The sandbox is not in sync with the Podfile.lock. Run 'pod install' or update your CocoaPods installation.\" >&2\n    exit 1\nfi\n# This output is used by Xcode 'outputs' to avoid re-running this script phase.\necho \"SUCCESS\" > \"${SCRIPT_OUTPUT_FILE_0}\"\n";
			showEnvVarsInLog = 0;
		};
		52360561E885268387C8222C /* [CP] Check Pods Manifest.lock */ = {
			isa = PBXShellScriptBuildPhase;
			buildActionMask = 2147483647;
			files = (
			);
			inputFileListPaths = (
			);
			inputPaths = (
				"${PODS_PODFILE_DIR_PATH}/Podfile.lock",
				"${PODS_ROOT}/Manifest.lock",
			);
			name = "[CP] Check Pods Manifest.lock";
			outputFileListPaths = (
			);
			outputPaths = (
				"$(DERIVED_FILE_DIR)/Pods-SwiftUISampleTests-checkManifestLockResult.txt",
			);
			runOnlyForDeploymentPostprocessing = 0;
			shellPath = /bin/sh;
			shellScript = "diff \"${PODS_PODFILE_DIR_PATH}/Podfile.lock\" \"${PODS_ROOT}/Manifest.lock\" > /dev/null\nif [ $? != 0 ] ; then\n    # print error to STDERR\n    echo \"error: The sandbox is not in sync with the Podfile.lock. Run 'pod install' or update your CocoaPods installation.\" >&2\n    exit 1\nfi\n# This output is used by Xcode 'outputs' to avoid re-running this script phase.\necho \"SUCCESS\" > \"${SCRIPT_OUTPUT_FILE_0}\"\n";
			showEnvVarsInLog = 0;
		};
		A4A7A6622571EE6F0086BCDF /* ShellScript */ = {
			isa = PBXShellScriptBuildPhase;
			buildActionMask = 2147483647;
			files = (
			);
			inputFileListPaths = (
			);
			inputPaths = (
			);
			outputFileListPaths = (
			);
			outputPaths = (
			);
			runOnlyForDeploymentPostprocessing = 0;
			shellPath = /bin/sh;
			shellScript = "if which swiftlint >/dev/null; then\n  swiftlint autocorrect && swiftlint\nelse\n  echo \"warning: SwiftLint not installed, download from https://github.com/realm/SwiftLint\"\nfi\n";
		};
		FB6CFD5C7667A201228DBEA7 /* [CP] Check Pods Manifest.lock */ = {
			isa = PBXShellScriptBuildPhase;
			buildActionMask = 2147483647;
			files = (
			);
			inputFileListPaths = (
			);
			inputPaths = (
				"${PODS_PODFILE_DIR_PATH}/Podfile.lock",
				"${PODS_ROOT}/Manifest.lock",
			);
			name = "[CP] Check Pods Manifest.lock";
			outputFileListPaths = (
			);
			outputPaths = (
				"$(DERIVED_FILE_DIR)/Pods-SwiftUISample-SwiftUISampleUITests-checkManifestLockResult.txt",
			);
			runOnlyForDeploymentPostprocessing = 0;
			shellPath = /bin/sh;
			shellScript = "diff \"${PODS_PODFILE_DIR_PATH}/Podfile.lock\" \"${PODS_ROOT}/Manifest.lock\" > /dev/null\nif [ $? != 0 ] ; then\n    # print error to STDERR\n    echo \"error: The sandbox is not in sync with the Podfile.lock. Run 'pod install' or update your CocoaPods installation.\" >&2\n    exit 1\nfi\n# This output is used by Xcode 'outputs' to avoid re-running this script phase.\necho \"SUCCESS\" > \"${SCRIPT_OUTPUT_FILE_0}\"\n";
			showEnvVarsInLog = 0;
		};
/* End PBXShellScriptBuildPhase section */

/* Begin PBXSourcesBuildPhase section */
		A4E4C8AA255757E10069BF98 /* Sources */ = {
			isa = PBXSourcesBuildPhase;
			buildActionMask = 2147483647;
			files = (
				A4E4C8B4255757E10069BF98 /* ContentView.swift in Sources */,
				A43D31CA25718E8E001C17D6 /* Post.swift in Sources */,
				A490FEE32572F64700B43131 /* ImagePicker.swift in Sources */,
				A4E4C8B2255757E10069BF98 /* SwiftUISampleApp.swift in Sources */,
			);
			runOnlyForDeploymentPostprocessing = 0;
		};
		A4E4C8BB255757E20069BF98 /* Sources */ = {
			isa = PBXSourcesBuildPhase;
			buildActionMask = 2147483647;
			files = (
				A4E4C8C4255757E20069BF98 /* SwiftUISampleTests.swift in Sources */,
			);
			runOnlyForDeploymentPostprocessing = 0;
		};
		A4E4C8C6255757E20069BF98 /* Sources */ = {
			isa = PBXSourcesBuildPhase;
			buildActionMask = 2147483647;
			files = (
				A4E4C8CF255757E20069BF98 /* SwiftUISampleUITests.swift in Sources */,
			);
			runOnlyForDeploymentPostprocessing = 0;
		};
/* End PBXSourcesBuildPhase section */

/* Begin PBXTargetDependency section */
		A4E4C8C1255757E20069BF98 /* PBXTargetDependency */ = {
			isa = PBXTargetDependency;
			target = A4E4C8AD255757E10069BF98 /* SwiftUISample */;
			targetProxy = A4E4C8C0255757E20069BF98 /* PBXContainerItemProxy */;
		};
		A4E4C8CC255757E20069BF98 /* PBXTargetDependency */ = {
			isa = PBXTargetDependency;
			target = A4E4C8AD255757E10069BF98 /* SwiftUISample */;
			targetProxy = A4E4C8CB255757E20069BF98 /* PBXContainerItemProxy */;
		};
/* End PBXTargetDependency section */

/* Begin XCBuildConfiguration section */
		A4E4C8D1255757E20069BF98 /* Debug */ = {
			isa = XCBuildConfiguration;
			buildSettings = {
				ALWAYS_SEARCH_USER_PATHS = NO;
				CLANG_ANALYZER_NONNULL = YES;
				CLANG_ANALYZER_NUMBER_OBJECT_CONVERSION = YES_AGGRESSIVE;
				CLANG_CXX_LANGUAGE_STANDARD = "gnu++14";
				CLANG_CXX_LIBRARY = "libc++";
				CLANG_ENABLE_MODULES = YES;
				CLANG_ENABLE_OBJC_ARC = YES;
				CLANG_ENABLE_OBJC_WEAK = YES;
				CLANG_WARN_BLOCK_CAPTURE_AUTORELEASING = YES;
				CLANG_WARN_BOOL_CONVERSION = YES;
				CLANG_WARN_COMMA = YES;
				CLANG_WARN_CONSTANT_CONVERSION = YES;
				CLANG_WARN_DEPRECATED_OBJC_IMPLEMENTATIONS = YES;
				CLANG_WARN_DIRECT_OBJC_ISA_USAGE = YES_ERROR;
				CLANG_WARN_DOCUMENTATION_COMMENTS = YES;
				CLANG_WARN_EMPTY_BODY = YES;
				CLANG_WARN_ENUM_CONVERSION = YES;
				CLANG_WARN_INFINITE_RECURSION = YES;
				CLANG_WARN_INT_CONVERSION = YES;
				CLANG_WARN_NON_LITERAL_NULL_CONVERSION = YES;
				CLANG_WARN_OBJC_IMPLICIT_RETAIN_SELF = YES;
				CLANG_WARN_OBJC_LITERAL_CONVERSION = YES;
				CLANG_WARN_OBJC_ROOT_CLASS = YES_ERROR;
				CLANG_WARN_QUOTED_INCLUDE_IN_FRAMEWORK_HEADER = YES;
				CLANG_WARN_RANGE_LOOP_ANALYSIS = YES;
				CLANG_WARN_STRICT_PROTOTYPES = YES;
				CLANG_WARN_SUSPICIOUS_MOVE = YES;
				CLANG_WARN_UNGUARDED_AVAILABILITY = YES_AGGRESSIVE;
				CLANG_WARN_UNREACHABLE_CODE = YES;
				CLANG_WARN__DUPLICATE_METHOD_MATCH = YES;
				COPY_PHASE_STRIP = NO;
				DEBUG_INFORMATION_FORMAT = dwarf;
				ENABLE_STRICT_OBJC_MSGSEND = YES;
				ENABLE_TESTABILITY = YES;
				GCC_C_LANGUAGE_STANDARD = gnu11;
				GCC_DYNAMIC_NO_PIC = NO;
				GCC_NO_COMMON_BLOCKS = YES;
				GCC_OPTIMIZATION_LEVEL = 0;
				GCC_PREPROCESSOR_DEFINITIONS = (
					"DEBUG=1",
					"$(inherited)",
				);
				GCC_WARN_64_TO_32_BIT_CONVERSION = YES;
				GCC_WARN_ABOUT_RETURN_TYPE = YES_ERROR;
				GCC_WARN_UNDECLARED_SELECTOR = YES;
				GCC_WARN_UNINITIALIZED_AUTOS = YES_AGGRESSIVE;
				GCC_WARN_UNUSED_FUNCTION = YES;
				GCC_WARN_UNUSED_VARIABLE = YES;
				IPHONEOS_DEPLOYMENT_TARGET = 14.0;
				MTL_ENABLE_DEBUG_INFO = INCLUDE_SOURCE;
				MTL_FAST_MATH = YES;
				ONLY_ACTIVE_ARCH = YES;
				SDKROOT = iphoneos;
				SWIFT_ACTIVE_COMPILATION_CONDITIONS = DEBUG;
				SWIFT_OPTIMIZATION_LEVEL = "-Onone";
			};
			name = Debug;
		};
		A4E4C8D2255757E20069BF98 /* Release */ = {
			isa = XCBuildConfiguration;
			buildSettings = {
				ALWAYS_SEARCH_USER_PATHS = NO;
				CLANG_ANALYZER_NONNULL = YES;
				CLANG_ANALYZER_NUMBER_OBJECT_CONVERSION = YES_AGGRESSIVE;
				CLANG_CXX_LANGUAGE_STANDARD = "gnu++14";
				CLANG_CXX_LIBRARY = "libc++";
				CLANG_ENABLE_MODULES = YES;
				CLANG_ENABLE_OBJC_ARC = YES;
				CLANG_ENABLE_OBJC_WEAK = YES;
				CLANG_WARN_BLOCK_CAPTURE_AUTORELEASING = YES;
				CLANG_WARN_BOOL_CONVERSION = YES;
				CLANG_WARN_COMMA = YES;
				CLANG_WARN_CONSTANT_CONVERSION = YES;
				CLANG_WARN_DEPRECATED_OBJC_IMPLEMENTATIONS = YES;
				CLANG_WARN_DIRECT_OBJC_ISA_USAGE = YES_ERROR;
				CLANG_WARN_DOCUMENTATION_COMMENTS = YES;
				CLANG_WARN_EMPTY_BODY = YES;
				CLANG_WARN_ENUM_CONVERSION = YES;
				CLANG_WARN_INFINITE_RECURSION = YES;
				CLANG_WARN_INT_CONVERSION = YES;
				CLANG_WARN_NON_LITERAL_NULL_CONVERSION = YES;
				CLANG_WARN_OBJC_IMPLICIT_RETAIN_SELF = YES;
				CLANG_WARN_OBJC_LITERAL_CONVERSION = YES;
				CLANG_WARN_OBJC_ROOT_CLASS = YES_ERROR;
				CLANG_WARN_QUOTED_INCLUDE_IN_FRAMEWORK_HEADER = YES;
				CLANG_WARN_RANGE_LOOP_ANALYSIS = YES;
				CLANG_WARN_STRICT_PROTOTYPES = YES;
				CLANG_WARN_SUSPICIOUS_MOVE = YES;
				CLANG_WARN_UNGUARDED_AVAILABILITY = YES_AGGRESSIVE;
				CLANG_WARN_UNREACHABLE_CODE = YES;
				CLANG_WARN__DUPLICATE_METHOD_MATCH = YES;
				COPY_PHASE_STRIP = NO;
				DEBUG_INFORMATION_FORMAT = "dwarf-with-dsym";
				ENABLE_NS_ASSERTIONS = NO;
				ENABLE_STRICT_OBJC_MSGSEND = YES;
				GCC_C_LANGUAGE_STANDARD = gnu11;
				GCC_NO_COMMON_BLOCKS = YES;
				GCC_WARN_64_TO_32_BIT_CONVERSION = YES;
				GCC_WARN_ABOUT_RETURN_TYPE = YES_ERROR;
				GCC_WARN_UNDECLARED_SELECTOR = YES;
				GCC_WARN_UNINITIALIZED_AUTOS = YES_AGGRESSIVE;
				GCC_WARN_UNUSED_FUNCTION = YES;
				GCC_WARN_UNUSED_VARIABLE = YES;
				IPHONEOS_DEPLOYMENT_TARGET = 14.0;
				MTL_ENABLE_DEBUG_INFO = NO;
				MTL_FAST_MATH = YES;
				SDKROOT = iphoneos;
				SWIFT_COMPILATION_MODE = wholemodule;
				SWIFT_OPTIMIZATION_LEVEL = "-O";
				VALIDATE_PRODUCT = YES;
			};
			name = Release;
		};
		A4E4C8D4255757E20069BF98 /* Debug */ = {
			isa = XCBuildConfiguration;
			baseConfigurationReference = 2754C0D5783933519A64B2E7 /* Pods-SwiftUISample.debug.xcconfig */;
			buildSettings = {
				ASSETCATALOG_COMPILER_APPICON_NAME = AppIcon;
				ASSETCATALOG_COMPILER_GLOBAL_ACCENT_COLOR_NAME = AccentColor;
				CODE_SIGN_STYLE = Automatic;
				DEVELOPMENT_ASSET_PATHS = "\"SwiftUISample/Preview Content\"";
				DEVELOPMENT_TEAM = V63UZ8ZMFC;
				ENABLE_PREVIEWS = YES;
				INFOPLIST_FILE = SwiftUISample/Info.plist;
				IPHONEOS_DEPLOYMENT_TARGET = 14.0;
				LD_RUNPATH_SEARCH_PATHS = (
					"$(inherited)",
					"@executable_path/Frameworks",
				);
				PRODUCT_BUNDLE_IDENTIFIER = rinniswift.SwiftUISample;
				PRODUCT_NAME = "$(TARGET_NAME)";
				SWIFT_VERSION = 5.0;
				TARGETED_DEVICE_FAMILY = "1,2";
			};
			name = Debug;
		};
		A4E4C8D5255757E20069BF98 /* Release */ = {
			isa = XCBuildConfiguration;
			baseConfigurationReference = F79CB997AA3C552E30D9EB5C /* Pods-SwiftUISample.release.xcconfig */;
			buildSettings = {
				ASSETCATALOG_COMPILER_APPICON_NAME = AppIcon;
				ASSETCATALOG_COMPILER_GLOBAL_ACCENT_COLOR_NAME = AccentColor;
				CODE_SIGN_STYLE = Automatic;
				DEVELOPMENT_ASSET_PATHS = "\"SwiftUISample/Preview Content\"";
				DEVELOPMENT_TEAM = V63UZ8ZMFC;
				ENABLE_PREVIEWS = YES;
				INFOPLIST_FILE = SwiftUISample/Info.plist;
				IPHONEOS_DEPLOYMENT_TARGET = 14.0;
				LD_RUNPATH_SEARCH_PATHS = (
					"$(inherited)",
					"@executable_path/Frameworks",
				);
				PRODUCT_BUNDLE_IDENTIFIER = rinniswift.SwiftUISample;
				PRODUCT_NAME = "$(TARGET_NAME)";
				SWIFT_VERSION = 5.0;
				TARGETED_DEVICE_FAMILY = "1,2";
			};
			name = Release;
		};
		A4E4C8D7255757E20069BF98 /* Debug */ = {
			isa = XCBuildConfiguration;
			baseConfigurationReference = 40B11024ACD724489238C3F9 /* Pods-SwiftUISampleTests.debug.xcconfig */;
			buildSettings = {
				ALWAYS_EMBED_SWIFT_STANDARD_LIBRARIES = YES;
				BUNDLE_LOADER = "$(TEST_HOST)";
				CODE_SIGN_STYLE = Automatic;
				DEVELOPMENT_TEAM = V63UZ8ZMFC;
				INFOPLIST_FILE = SwiftUISampleTests/Info.plist;
				IPHONEOS_DEPLOYMENT_TARGET = 14.0;
				LD_RUNPATH_SEARCH_PATHS = (
					"$(inherited)",
					"@executable_path/Frameworks",
					"@loader_path/Frameworks",
				);
				PRODUCT_BUNDLE_IDENTIFIER = rinniswift.SwiftUISampleTests;
				PRODUCT_NAME = "$(TARGET_NAME)";
				SWIFT_VERSION = 5.0;
				TARGETED_DEVICE_FAMILY = "1,2";
				TEST_HOST = "$(BUILT_PRODUCTS_DIR)/SwiftUISample.app/SwiftUISample";
			};
			name = Debug;
		};
		A4E4C8D8255757E20069BF98 /* Release */ = {
			isa = XCBuildConfiguration;
			baseConfigurationReference = 7FC001FA85ED0D40C1C85049 /* Pods-SwiftUISampleTests.release.xcconfig */;
			buildSettings = {
				ALWAYS_EMBED_SWIFT_STANDARD_LIBRARIES = YES;
				BUNDLE_LOADER = "$(TEST_HOST)";
				CODE_SIGN_STYLE = Automatic;
				DEVELOPMENT_TEAM = V63UZ8ZMFC;
				INFOPLIST_FILE = SwiftUISampleTests/Info.plist;
				IPHONEOS_DEPLOYMENT_TARGET = 14.0;
				LD_RUNPATH_SEARCH_PATHS = (
					"$(inherited)",
					"@executable_path/Frameworks",
					"@loader_path/Frameworks",
				);
				PRODUCT_BUNDLE_IDENTIFIER = rinniswift.SwiftUISampleTests;
				PRODUCT_NAME = "$(TARGET_NAME)";
				SWIFT_VERSION = 5.0;
				TARGETED_DEVICE_FAMILY = "1,2";
				TEST_HOST = "$(BUILT_PRODUCTS_DIR)/SwiftUISample.app/SwiftUISample";
			};
			name = Release;
		};
		A4E4C8DA255757E20069BF98 /* Debug */ = {
			isa = XCBuildConfiguration;
			baseConfigurationReference = 6D448DF543049CC285492D5F /* Pods-SwiftUISample-SwiftUISampleUITests.debug.xcconfig */;
			buildSettings = {
				ALWAYS_EMBED_SWIFT_STANDARD_LIBRARIES = YES;
				CODE_SIGN_STYLE = Automatic;
				DEVELOPMENT_TEAM = V63UZ8ZMFC;
				INFOPLIST_FILE = SwiftUISampleUITests/Info.plist;
				LD_RUNPATH_SEARCH_PATHS = (
					"$(inherited)",
					"@executable_path/Frameworks",
					"@loader_path/Frameworks",
				);
				PRODUCT_BUNDLE_IDENTIFIER = rinniswift.SwiftUISampleUITests;
				PRODUCT_NAME = "$(TARGET_NAME)";
				SWIFT_VERSION = 5.0;
				TARGETED_DEVICE_FAMILY = "1,2";
				TEST_TARGET_NAME = SwiftUISample;
			};
			name = Debug;
		};
		A4E4C8DB255757E20069BF98 /* Release */ = {
			isa = XCBuildConfiguration;
			baseConfigurationReference = 0928557BE5D8F0FBCE8BCAF4 /* Pods-SwiftUISample-SwiftUISampleUITests.release.xcconfig */;
			buildSettings = {
				ALWAYS_EMBED_SWIFT_STANDARD_LIBRARIES = YES;
				CODE_SIGN_STYLE = Automatic;
				DEVELOPMENT_TEAM = V63UZ8ZMFC;
				INFOPLIST_FILE = SwiftUISampleUITests/Info.plist;
				LD_RUNPATH_SEARCH_PATHS = (
					"$(inherited)",
					"@executable_path/Frameworks",
					"@loader_path/Frameworks",
				);
				PRODUCT_BUNDLE_IDENTIFIER = rinniswift.SwiftUISampleUITests;
				PRODUCT_NAME = "$(TARGET_NAME)";
				SWIFT_VERSION = 5.0;
				TARGETED_DEVICE_FAMILY = "1,2";
				TEST_TARGET_NAME = SwiftUISample;
			};
			name = Release;
		};
/* End XCBuildConfiguration section */

/* Begin XCConfigurationList section */
		A4E4C8A9255757E10069BF98 /* Build configuration list for PBXProject "SwiftUISample" */ = {
			isa = XCConfigurationList;
			buildConfigurations = (
				A4E4C8D1255757E20069BF98 /* Debug */,
				A4E4C8D2255757E20069BF98 /* Release */,
			);
			defaultConfigurationIsVisible = 0;
			defaultConfigurationName = Release;
		};
		A4E4C8D3255757E20069BF98 /* Build configuration list for PBXNativeTarget "SwiftUISample" */ = {
			isa = XCConfigurationList;
			buildConfigurations = (
				A4E4C8D4255757E20069BF98 /* Debug */,
				A4E4C8D5255757E20069BF98 /* Release */,
			);
			defaultConfigurationIsVisible = 0;
			defaultConfigurationName = Release;
		};
		A4E4C8D6255757E20069BF98 /* Build configuration list for PBXNativeTarget "SwiftUISampleTests" */ = {
			isa = XCConfigurationList;
			buildConfigurations = (
				A4E4C8D7255757E20069BF98 /* Debug */,
				A4E4C8D8255757E20069BF98 /* Release */,
			);
			defaultConfigurationIsVisible = 0;
			defaultConfigurationName = Release;
		};
		A4E4C8D9255757E20069BF98 /* Build configuration list for PBXNativeTarget "SwiftUISampleUITests" */ = {
			isa = XCConfigurationList;
			buildConfigurations = (
				A4E4C8DA255757E20069BF98 /* Debug */,
				A4E4C8DB255757E20069BF98 /* Release */,
			);
			defaultConfigurationIsVisible = 0;
			defaultConfigurationName = Release;
		};
/* End XCConfigurationList section */
	};
	rootObject = A4E4C8A6255757E10069BF98 /* Project object */;
}
